
Microsoft Visual Studio Solution File, Format Version 12.00
# Visual Studio Version 17
VisualStudioVersion = 17.6.33829.357
MinimumVisualStudioVersion = 10.0.40219.1
Project("{FAE04EC0-301F-11D3-BF4B-00C04F79EFBC}") = "InternshipProgram", "InternshipProgram\InternshipProgram.csproj", "{108DE220-093A-4CF3-A663-1C7CF0B1EE1A}"
EndProject
Global
	GlobalSection(SolutionConfigurationPlatforms) = preSolution
		Debug|Any CPU = Debug|Any CPU
		Release|Any CPU = Release|Any CPU
	EndGlobalSection
	GlobalSection(ProjectConfigurationPlatforms) = postSolution
		{108DE220-093A-4CF3-A663-1C7CF0B1EE1A}.Debug|Any CPU.ActiveCfg = Debug|Any CPU
		{108DE220-093A-4CF3-A663-1C7CF0B1EE1A}.Debug|Any CPU.Build.0 = Debug|Any CPU
		{108DE220-093A-4CF3-A663-1C7CF0B1EE1A}.Release|Any CPU.ActiveCfg = Release|Any CPU
		{108DE220-093A-4CF3-A663-1C7CF0B1EE1A}.Release|Any CPU.Build.0 = Release|Any CPU
	EndGlobalSection
	GlobalSection(SolutionProperties) = preSolution
		HideSolutionNode = FALSE
	EndGlobalSection
	GlobalSection(ExtensibilityGlobals) = postSolution
		SolutionGuid = {04DC99CB-0A47-48B5-BAD3-6917E182678A}
	EndGlobalSection
EndGlobal
